
Microsoft Visual Studio Solution File, Format Version 12.00
# Visual Studio Version 16
VisualStudioVersion = 16.0.33328.57
MinimumVisualStudioVersion = 10.0.40219.1
Project("{FAE04EC0-301F-11D3-BF4B-00C04F79EFBC}") = "LBR5", "LBR5.csproj", "{11616299-314C-4334-A63C-ED374C3D1FCD}"
EndProject
Global
	GlobalSection(SolutionConfigurationPlatforms) = preSolution
		Debug|Any CPU = Debug|Any CPU
		Release|Any CPU = Release|Any CPU
	EndGlobalSection
	GlobalSection(ProjectConfigurationPlatforms) = postSolution
		{11616299-314C-4334-A63C-ED374C3D1FCD}.Debug|Any CPU.ActiveCfg = Debug|Any CPU
		{11616299-314C-4334-A63C-ED374C3D1FCD}.Debug|Any CPU.Build.0 = Debug|Any CPU
		{11616299-314C-4334-A63C-ED374C3D1FCD}.Release|Any CPU.ActiveCfg = Release|Any CPU
		{11616299-314C-4334-A63C-ED374C3D1FCD}.Release|Any CPU.Build.0 = Release|Any CPU
	EndGlobalSection
	GlobalSection(SolutionProperties) = preSolution
		HideSolutionNode = FALSE
	EndGlobalSection
	GlobalSection(ExtensibilityGlobals) = postSolution
		SolutionGuid = {CD73A56F-F1C1-4F46-AA56-578243CC82A6}
	EndGlobalSection
EndGlobal
