
Microsoft Visual Studio Solution File, Format Version 12.00
# Visual Studio Version 16
VisualStudioVersion = 16.0.33328.57
MinimumVisualStudioVersion = 10.0.40219.1
Project("{FAE04EC0-301F-11D3-BF4B-00C04F79EFBC}") = "LAB11", "LAB11.csproj", "{8A1192C0-2E40-4A10-B0C1-367692D3B185}"
EndProject
Global
	GlobalSection(SolutionConfigurationPlatforms) = preSolution
		Debug|Any CPU = Debug|Any CPU
		Release|Any CPU = Release|Any CPU
	EndGlobalSection
	GlobalSection(ProjectConfigurationPlatforms) = postSolution
		{8A1192C0-2E40-4A10-B0C1-367692D3B185}.Debug|Any CPU.ActiveCfg = Debug|Any CPU
		{8A1192C0-2E40-4A10-B0C1-367692D3B185}.Debug|Any CPU.Build.0 = Debug|Any CPU
		{8A1192C0-2E40-4A10-B0C1-367692D3B185}.Release|Any CPU.ActiveCfg = Release|Any CPU
		{8A1192C0-2E40-4A10-B0C1-367692D3B185}.Release|Any CPU.Build.0 = Release|Any CPU
	EndGlobalSection
	GlobalSection(SolutionProperties) = preSolution
		HideSolutionNode = FALSE
	EndGlobalSection
	GlobalSection(ExtensibilityGlobals) = postSolution
		SolutionGuid = {69B16A64-AFA4-4978-8D7C-6F39DC647F28}
	EndGlobalSection
EndGlobal
