
Microsoft Visual Studio Solution File, Format Version 12.00
# Visual Studio Version 16
VisualStudioVersion = 16.0.33328.57
MinimumVisualStudioVersion = 10.0.40219.1
Project("{FAE04EC0-301F-11D3-BF4B-00C04F79EFBC}") = "LAB7", "LAB7.csproj", "{CBF10550-7D91-4EFC-820A-B7750E15EACD}"
EndProject
Global
	GlobalSection(SolutionConfigurationPlatforms) = preSolution
		Debug|Any CPU = Debug|Any CPU
		Release|Any CPU = Release|Any CPU
	EndGlobalSection
	GlobalSection(ProjectConfigurationPlatforms) = postSolution
		{CBF10550-7D91-4EFC-820A-B7750E15EACD}.Debug|Any CPU.ActiveCfg = Debug|Any CPU
		{CBF10550-7D91-4EFC-820A-B7750E15EACD}.Debug|Any CPU.Build.0 = Debug|Any CPU
		{CBF10550-7D91-4EFC-820A-B7750E15EACD}.Release|Any CPU.ActiveCfg = Release|Any CPU
		{CBF10550-7D91-4EFC-820A-B7750E15EACD}.Release|Any CPU.Build.0 = Release|Any CPU
	EndGlobalSection
	GlobalSection(SolutionProperties) = preSolution
		HideSolutionNode = FALSE
	EndGlobalSection
	GlobalSection(ExtensibilityGlobals) = postSolution
		SolutionGuid = {BAB4B270-2969-47F4-93C5-5B1D88B7C91B}
	EndGlobalSection
EndGlobal
