
Microsoft Visual Studio Solution File, Format Version 12.00
# Visual Studio Version 16
VisualStudioVersion = 16.0.33328.57
MinimumVisualStudioVersion = 10.0.40219.1
Project("{FAE04EC0-301F-11D3-BF4B-00C04F79EFBC}") = "LAB12", "LAB12.csproj", "{1E39F0EB-E4B7-4EB4-8F2C-D38EDD428F25}"
EndProject
Global
	GlobalSection(SolutionConfigurationPlatforms) = preSolution
		Debug|Any CPU = Debug|Any CPU
		Release|Any CPU = Release|Any CPU
	EndGlobalSection
	GlobalSection(ProjectConfigurationPlatforms) = postSolution
		{1E39F0EB-E4B7-4EB4-8F2C-D38EDD428F25}.Debug|Any CPU.ActiveCfg = Debug|Any CPU
		{1E39F0EB-E4B7-4EB4-8F2C-D38EDD428F25}.Debug|Any CPU.Build.0 = Debug|Any CPU
		{1E39F0EB-E4B7-4EB4-8F2C-D38EDD428F25}.Release|Any CPU.ActiveCfg = Release|Any CPU
		{1E39F0EB-E4B7-4EB4-8F2C-D38EDD428F25}.Release|Any CPU.Build.0 = Release|Any CPU
	EndGlobalSection
	GlobalSection(SolutionProperties) = preSolution
		HideSolutionNode = FALSE
	EndGlobalSection
	GlobalSection(ExtensibilityGlobals) = postSolution
		SolutionGuid = {502F201F-B504-4AF6-956E-EE76465D8282}
	EndGlobalSection
EndGlobal
